Microsoft Visual Studio Solution File, Format Version 12.00
# Visual Studio Version 17
VisualStudioVersion = 17.5.2.0
MinimumVisualStudioVersion = 10.0.40219.1
Project("{FAE04EC0-301F-11D3-BF4B-00C04F79EFBC}") = "Repair_Notification_System", "Repair_Notification_System.csproj", "{9D215948-E5F9-8830-BDE5-B1073D45FDE2}"
EndProject
Global
	GlobalSection(SolutionConfigurationPlatforms) = preSolution
		Debug|Any CPU = Debug|Any CPU
		Release|Any CPU = Release|Any CPU
	EndGlobalSection
	GlobalSection(ProjectConfigurationPlatforms) = postSolution
		{9D215948-E5F9-8830-BDE5-B1073D45FDE2}.Debug|Any CPU.ActiveCfg = Debug|Any CPU
		{9D215948-E5F9-8830-BDE5-B1073D45FDE2}.Debug|Any CPU.Build.0 = Debug|Any CPU
		{9D215948-E5F9-8830-BDE5-B1073D45FDE2}.Release|Any CPU.ActiveCfg = Release|Any CPU
		{9D215948-E5F9-8830-BDE5-B1073D45FDE2}.Release|Any CPU.Build.0 = Release|Any CPU
	EndGlobalSection
	GlobalSection(SolutionProperties) = preSolution
		HideSolutionNode = FALSE
	EndGlobalSection
	GlobalSection(ExtensibilityGlobals) = postSolution
		SolutionGuid = {18CAFA10-8E08-4B49-A27D-C839F3D864C9}
	EndGlobalSection
EndGlobal
